// !$*UTF8*$!
{
	archiveVersion = 1;
	classes = {
	};
	objectVersion = 46;
	objects = {

/* Begin PBXBuildFile section */
		FA24015C1BCC2DE2008C5AAE /* TMTextureProgram.m in Sources */ = {isa = PBXBuildFile; fileRef = FA24015B1BCC2DE2008C5AAE /* TMTextureProgram.m */; };
		FA24015F1BCD04DD008C5AAE /* TMProgramFactory.m in Sources */ = {isa = PBXBuildFile; fileRef = FA24015E1BCD04DD008C5AAE /* TMProgramFactory.m */; };
		FA24016C1BCD525E008C5AAE /* TMTextureDisplay.m in Sources */ = {isa = PBXBuildFile; fileRef = FA24016B1BCD525E008C5AAE /* TMTextureDisplay.m */; };
		FA2401721BCD5FAA008C5AAE /* TMTextureProcessorFactory.m in Sources */ = {isa = PBXBuildFile; fileRef = FA2401711BCD5FAA008C5AAE /* TMTextureProcessorFactory.m */; };
		FA2401751BCD6080008C5AAE /* TMTextureProcessor.m in Sources */ = {isa = PBXBuildFile; fileRef = FA2401741BCD6080008C5AAE /* TMTextureProcessor.m */; };
		FA2401781BCD6714008C5AAE /* TMProjectionFactory.m in Sources */ = {isa = PBXBuildFile; fileRef = FA2401771BCD6714008C5AAE /* TMProjectionFactory.m */; };
		FA24017E1BCE4766008C5AAE /* TMScalarAttribute.m in Sources */ = {isa = PBXBuildFile; fileRef = FA24017D1BCE4766008C5AAE /* TMScalarAttribute.m */; };
		FA2401911BD39D74008C5AAE /* TMMutableHandleDictionary.m in Sources */ = {isa = PBXBuildFile; fileRef = FA2401901BD39D74008C5AAE /* TMMutableHandleDictionary.m */; };
		FA2401971BD3FA0F008C5AAE /* TMPosition.m in Sources */ = {isa = PBXBuildFile; fileRef = FA2401961BD3FA0F008C5AAE /* TMPosition.m */; };
		FA24019A1BD407E6008C5AAE /* TMShader.m in Sources */ = {isa = PBXBuildFile; fileRef = FA2401991BD407E6008C5AAE /* TMShader.m */; };
		FA24019E1BD4DC2C008C5AAE /* TMGeometryFactory.m in Sources */ = {isa = PBXBuildFile; fileRef = FA24019D1BD4DC2C008C5AAE /* TMGeometryFactory.m */; };
		FA44E6311BCA81D400FBDD28 /* TMGLKViewFrameBuffer.m in Sources */ = {isa = PBXBuildFile; fileRef = FA44E6301BCA81D400FBDD28 /* TMGLKViewFrameBuffer.m */; };
		FA4DA5CC1BC40517005869C8 /* textureFragmentShader.glsl in Resources */ = {isa = PBXBuildFile; fileRef = FA4DA5CA1BC40517005869C8 /* textureFragmentShader.glsl */; };
		FA4DA5CD1BC40517005869C8 /* textureVertexShader.glsl in Resources */ = {isa = PBXBuildFile; fileRef = FA4DA5CB1BC40517005869C8 /* textureVertexShader.glsl */; };
		FA4DA5D51BC67B18005869C8 /* TMHandleDictionary.m in Sources */ = {isa = PBXBuildFile; fileRef = FA4DA5D41BC67B18005869C8 /* TMHandleDictionary.m */; };
		FAA2C2861BC6CA89005689DC /* TMShaderFactory.m in Sources */ = {isa = PBXBuildFile; fileRef = FAA2C2851BC6CA89005689DC /* TMShaderFactory.m */; };
		FAA2C28C1BC6D00B005689DC /* TMProgram.m in Sources */ = {isa = PBXBuildFile; fileRef = FAA2C28B1BC6D00B005689DC /* TMProgram.m */; };
		FAA2C28F1BC7F7BB005689DC /* TMTexturedGeometry.m in Sources */ = {isa = PBXBuildFile; fileRef = FAA2C28E1BC7F7BB005689DC /* TMTexturedGeometry.m */; };
		FAA2C2931BC7FEA0005689DC /* TMQuadTexturedVertices.m in Sources */ = {isa = PBXBuildFile; fileRef = FAA2C2921BC7FEA0005689DC /* TMQuadTexturedVertices.m */; };
		FAA2C2961BC80318005689DC /* TMTextureFrameBuffer.m in Sources */ = {isa = PBXBuildFile; fileRef = FAA2C2951BC80318005689DC /* TMTextureFrameBuffer.m */; };
		FAA2C2991BC80400005689DC /* TMTexture.m in Sources */ = {isa = PBXBuildFile; fileRef = FAA2C2981BC80400005689DC /* TMTexture.m */; };
		FAA2C29C1BC814E8005689DC /* TMTextureDrawer.m in Sources */ = {isa = PBXBuildFile; fileRef = FAA2C29B1BC814E8005689DC /* TMTextureDrawer.m */; };
		FAA8773F1BAF0BAD00934C21 /* main.m in Sources */ = {isa = PBXBuildFile; fileRef = FAA8773E1BAF0BAD00934C21 /* main.m */; };
		FAA877421BAF0BAD00934C21 /* AppDelegate.m in Sources */ = {isa = PBXBuildFile; fileRef = FAA877411BAF0BAD00934C21 /* AppDelegate.m */; };
		FAA877481BAF0BAD00934C21 /* Main.storyboard in Resources */ = {isa = PBXBuildFile; fileRef = FAA877461BAF0BAD00934C21 /* Main.storyboard */; };
		FAA8774A1BAF0BAD00934C21 /* Images.xcassets in Resources */ = {isa = PBXBuildFile; fileRef = FAA877491BAF0BAD00934C21 /* Images.xcassets */; };
		FAA8774D1BAF0BAD00934C21 /* LaunchScreen.xib in Resources */ = {isa = PBXBuildFile; fileRef = FAA8774B1BAF0BAD00934C21 /* LaunchScreen.xib */; };
		FAA877591BAF0BAD00934C21 /* ToneMapperTests.m in Sources */ = {isa = PBXBuildFile; fileRef = FAA877581BAF0BAD00934C21 /* ToneMapperTests.m */; };
		FAF9453E1BBBC9320093DE0F /* TMViewController.m in Sources */ = {isa = PBXBuildFile; fileRef = FAF9453C1BBBC9320093DE0F /* TMViewController.m */; };
		FAF945411BBBCE1A0093DE0F /* workspaceVertexShader.glsl in Resources */ = {isa = PBXBuildFile; fileRef = FAF945401BBBCE1A0093DE0F /* workspaceVertexShader.glsl */; };
		FAF945431BBBCE350093DE0F /* workspaceFragmentShader.glsl in Resources */ = {isa = PBXBuildFile; fileRef = FAF945421BBBCE350093DE0F /* workspaceFragmentShader.glsl */; };
		FAF945571BBC33AD0093DE0F /* ViewController.m in Sources */ = {isa = PBXBuildFile; fileRef = FAF945561BBC33AD0093DE0F /* ViewController.m */; };
/* End PBXBuildFile section */

/* Begin PBXContainerItemProxy section */
		FAA877531BAF0BAD00934C21 /* PBXContainerItemProxy */ = {
			isa = PBXContainerItemProxy;
			containerPortal = FAA877311BAF0BAD00934C21 /* Project object */;
			proxyType = 1;
			remoteGlobalIDString = FAA877381BAF0BAD00934C21;
			remoteInfo = ToneMapper;
		};
/* End PBXContainerItemProxy section */

/* Begin PBXFileReference section */
		FA24015A1BCC2DE2008C5AAE /* TMTextureProgram.h */ = {isa = PBXFileReference; fileEncoding = 4; lastKnownFileType = sourcecode.c.h; path = TMTextureProgram.h; sourceTree = "<group>"; };
		FA24015B1BCC2DE2008C5AAE /* TMTextureProgram.m */ = {isa = PBXFileReference; fileEncoding = 4; lastKnownFileType = sourcecode.c.objc; path = TMTextureProgram.m; sourceTree = "<group>"; };
		FA24015D1BCD04DD008C5AAE /* TMProgramFactory.h */ = {isa = PBXFileReference; fileEncoding = 4; lastKnownFileType = sourcecode.c.h; path = TMProgramFactory.h; sourceTree = "<group>"; };
		FA24015E1BCD04DD008C5AAE /* TMProgramFactory.m */ = {isa = PBXFileReference; fileEncoding = 4; lastKnownFileType = sourcecode.c.objc; path = TMProgramFactory.m; sourceTree = "<group>"; };
		FA24016A1BCD525E008C5AAE /* TMTextureDisplay.h */ = {isa = PBXFileReference; fileEncoding = 4; lastKnownFileType = sourcecode.c.h; path = TMTextureDisplay.h; sourceTree = "<group>"; };
		FA24016B1BCD525E008C5AAE /* TMTextureDisplay.m */ = {isa = PBXFileReference; fileEncoding = 4; lastKnownFileType = sourcecode.c.objc; path = TMTextureDisplay.m; sourceTree = "<group>"; };
		FA2401701BCD5FAA008C5AAE /* TMTextureProcessorFactory.h */ = {isa = PBXFileReference; fileEncoding = 4; lastKnownFileType = sourcecode.c.h; path = TMTextureProcessorFactory.h; sourceTree = "<group>"; };
		FA2401711BCD5FAA008C5AAE /* TMTextureProcessorFactory.m */ = {isa = PBXFileReference; fileEncoding = 4; lastKnownFileType = sourcecode.c.objc; path = TMTextureProcessorFactory.m; sourceTree = "<group>"; };
		FA2401731BCD6080008C5AAE /* TMTextureProcessor.h */ = {isa = PBXFileReference; fileEncoding = 4; lastKnownFileType = sourcecode.c.h; path = TMTextureProcessor.h; sourceTree = "<group>"; };
		FA2401741BCD6080008C5AAE /* TMTextureProcessor.m */ = {isa = PBXFileReference; fileEncoding = 4; lastKnownFileType = sourcecode.c.objc; path = TMTextureProcessor.m; sourceTree = "<group>"; };
		FA2401761BCD6714008C5AAE /* TMProjectionFactory.h */ = {isa = PBXFileReference; fileEncoding = 4; lastKnownFileType = sourcecode.c.h; name = TMProjectionFactory.h; path = ../TMProjectionFactory.h; sourceTree = "<group>"; };
		FA2401771BCD6714008C5AAE /* TMProjectionFactory.m */ = {isa = PBXFileReference; fileEncoding = 4; lastKnownFileType = sourcecode.c.objc; name = TMProjectionFactory.m; path = ../TMProjectionFactory.m; sourceTree = "<group>"; };
		FA24017C1BCE4766008C5AAE /* TMScalarAttribute.h */ = {isa = PBXFileReference; fileEncoding = 4; lastKnownFileType = sourcecode.c.h; name = TMScalarAttribute.h; path = ../TMScalarAttribute.h; sourceTree = "<group>"; };
		FA24017D1BCE4766008C5AAE /* TMScalarAttribute.m */ = {isa = PBXFileReference; fileEncoding = 4; lastKnownFileType = sourcecode.c.objc; name = TMScalarAttribute.m; path = ../TMScalarAttribute.m; sourceTree = "<group>"; };
		FA24018F1BD39D74008C5AAE /* TMMutableHandleDictionary.h */ = {isa = PBXFileReference; fileEncoding = 4; lastKnownFileType = sourcecode.c.h; path = TMMutableHandleDictionary.h; sourceTree = "<group>"; };
		FA2401901BD39D74008C5AAE /* TMMutableHandleDictionary.m */ = {isa = PBXFileReference; fileEncoding = 4; lastKnownFileType = sourcecode.c.objc; path = TMMutableHandleDictionary.m; sourceTree = "<group>"; };
		FA2401951BD3FA0F008C5AAE /* TMPosition.h */ = {isa = PBXFileReference; fileEncoding = 4; lastKnownFileType = sourcecode.c.h; path = TMPosition.h; sourceTree = "<group>"; };
		FA2401961BD3FA0F008C5AAE /* TMPosition.m */ = {isa = PBXFileReference; fileEncoding = 4; lastKnownFileType = sourcecode.c.objc; path = TMPosition.m; sourceTree = "<group>"; };
		FA2401981BD407E6008C5AAE /* TMShader.h */ = {isa = PBXFileReference; fileEncoding = 4; lastKnownFileType = sourcecode.c.h; path = TMShader.h; sourceTree = "<group>"; };
		FA2401991BD407E6008C5AAE /* TMShader.m */ = {isa = PBXFileReference; fileEncoding = 4; lastKnownFileType = sourcecode.c.objc; path = TMShader.m; sourceTree = "<group>"; };
		FA24019C1BD4DC2C008C5AAE /* TMGeometryFactory.h */ = {isa = PBXFileReference; fileEncoding = 4; lastKnownFileType = sourcecode.c.h; path = TMGeometryFactory.h; sourceTree = "<group>"; };
		FA24019D1BD4DC2C008C5AAE /* TMGeometryFactory.m */ = {isa = PBXFileReference; fileEncoding = 4; lastKnownFileType = sourcecode.c.objc; path = TMGeometryFactory.m; sourceTree = "<group>"; };
		FA44E62E1BCA7F0A00FBDD28 /* TMFrameBuffer.h */ = {isa = PBXFileReference; fileEncoding = 4; lastKnownFileType = sourcecode.c.h; path = TMFrameBuffer.h; sourceTree = "<group>"; };
		FA44E62F1BCA81D400FBDD28 /* TMGLKViewFrameBuffer.h */ = {isa = PBXFileReference; fileEncoding = 4; lastKnownFileType = sourcecode.c.h; path = TMGLKViewFrameBuffer.h; sourceTree = "<group>"; };
		FA44E6301BCA81D400FBDD28 /* TMGLKViewFrameBuffer.m */ = {isa = PBXFileReference; fileEncoding = 4; lastKnownFileType = sourcecode.c.objc; path = TMGLKViewFrameBuffer.m; sourceTree = "<group>"; };
		FA4DA5CA1BC40517005869C8 /* textureFragmentShader.glsl */ = {isa = PBXFileReference; fileEncoding = 4; lastKnownFileType = text; path = textureFragmentShader.glsl; sourceTree = "<group>"; };
		FA4DA5CB1BC40517005869C8 /* textureVertexShader.glsl */ = {isa = PBXFileReference; fileEncoding = 4; lastKnownFileType = text; path = textureVertexShader.glsl; sourceTree = "<group>"; };
		FA4DA5D31BC67B18005869C8 /* TMHandleDictionary.h */ = {isa = PBXFileReference; fileEncoding = 4; lastKnownFileType = sourcecode.c.h; path = TMHandleDictionary.h; sourceTree = "<group>"; };
		FA4DA5D41BC67B18005869C8 /* TMHandleDictionary.m */ = {isa = PBXFileReference; fileEncoding = 4; lastKnownFileType = sourcecode.c.objc; path = TMHandleDictionary.m; sourceTree = "<group>"; };
		FAA2C2841BC6CA89005689DC /* TMShaderFactory.h */ = {isa = PBXFileReference; fileEncoding = 4; lastKnownFileType = sourcecode.c.h; path = TMShaderFactory.h; sourceTree = "<group>"; };
		FAA2C2851BC6CA89005689DC /* TMShaderFactory.m */ = {isa = PBXFileReference; fileEncoding = 4; lastKnownFileType = sourcecode.c.objc; path = TMShaderFactory.m; sourceTree = "<group>"; };
		FAA2C28A1BC6D00B005689DC /* TMProgram.h */ = {isa = PBXFileReference; fileEncoding = 4; lastKnownFileType = sourcecode.c.h; path = TMProgram.h; sourceTree = "<group>"; };
		FAA2C28B1BC6D00B005689DC /* TMProgram.m */ = {isa = PBXFileReference; fileEncoding = 4; lastKnownFileType = sourcecode.c.objc; path = TMProgram.m; sourceTree = "<group>"; };
		FAA2C28D1BC7F7BB005689DC /* TMTexturedGeometry.h */ = {isa = PBXFileReference; fileEncoding = 4; lastKnownFileType = sourcecode.c.h; path = TMTexturedGeometry.h; sourceTree = "<group>"; };
		FAA2C28E1BC7F7BB005689DC /* TMTexturedGeometry.m */ = {isa = PBXFileReference; fileEncoding = 4; lastKnownFileType = sourcecode.c.objc; path = TMTexturedGeometry.m; sourceTree = "<group>"; };
		FAA2C2901BC7FBB3005689DC /* TMVertices.h */ = {isa = PBXFileReference; fileEncoding = 4; lastKnownFileType = sourcecode.c.h; path = TMVertices.h; sourceTree = "<group>"; };
		FAA2C2911BC7FEA0005689DC /* TMQuadTexturedVertices.h */ = {isa = PBXFileReference; fileEncoding = 4; lastKnownFileType = sourcecode.c.h; path = TMQuadTexturedVertices.h; sourceTree = "<group>"; };
		FAA2C2921BC7FEA0005689DC /* TMQuadTexturedVertices.m */ = {isa = PBXFileReference; fileEncoding = 4; lastKnownFileType = sourcecode.c.objc; path = TMQuadTexturedVertices.m; sourceTree = "<group>"; };
		FAA2C2941BC80318005689DC /* TMTextureFrameBuffer.h */ = {isa = PBXFileReference; fileEncoding = 4; lastKnownFileType = sourcecode.c.h; path = TMTextureFrameBuffer.h; sourceTree = "<group>"; };
		FAA2C2951BC80318005689DC /* TMTextureFrameBuffer.m */ = {isa = PBXFileReference; fileEncoding = 4; lastKnownFileType = sourcecode.c.objc; path = TMTextureFrameBuffer.m; sourceTree = "<group>"; };
		FAA2C2971BC80400005689DC /* TMTexture.h */ = {isa = PBXFileReference; fileEncoding = 4; lastKnownFileType = sourcecode.c.h; path = TMTexture.h; sourceTree = "<group>"; };
		FAA2C2981BC80400005689DC /* TMTexture.m */ = {isa = PBXFileReference; fileEncoding = 4; lastKnownFileType = sourcecode.c.objc; path = TMTexture.m; sourceTree = "<group>"; };
		FAA2C29A1BC814E8005689DC /* TMTextureDrawer.h */ = {isa = PBXFileReference; fileEncoding = 4; lastKnownFileType = sourcecode.c.h; path = TMTextureDrawer.h; sourceTree = "<group>"; };
		FAA2C29B1BC814E8005689DC /* TMTextureDrawer.m */ = {isa = PBXFileReference; fileEncoding = 4; lastKnownFileType = sourcecode.c.objc; path = TMTextureDrawer.m; sourceTree = "<group>"; };
		FAA877391BAF0BAD00934C21 /* ToneMapper.app */ = {isa = PBXFileReference; explicitFileType = wrapper.application; includeInIndex = 0; path = ToneMapper.app; sourceTree = BUILT_PRODUCTS_DIR; };
		FAA8773D1BAF0BAD00934C21 /* Info.plist */ = {isa = PBXFileReference; lastKnownFileType = text.plist.xml; path = Info.plist; sourceTree = "<group>"; };
		FAA8773E1BAF0BAD00934C21 /* main.m */ = {isa = PBXFileReference; lastKnownFileType = sourcecode.c.objc; path = main.m; sourceTree = "<group>"; };
		FAA877401BAF0BAD00934C21 /* AppDelegate.h */ = {isa = PBXFileReference; lastKnownFileType = sourcecode.c.h; path = AppDelegate.h; sourceTree = "<group>"; };
		FAA877411BAF0BAD00934C21 /* AppDelegate.m */ = {isa = PBXFileReference; lastKnownFileType = sourcecode.c.objc; path = AppDelegate.m; sourceTree = "<group>"; };
		FAA877471BAF0BAD00934C21 /* Base */ = {isa = PBXFileReference; lastKnownFileType = file.storyboard; name = Base; path = Base.lproj/Main.storyboard; sourceTree = "<group>"; };
		FAA877491BAF0BAD00934C21 /* Images.xcassets */ = {isa = PBXFileReference; lastKnownFileType = folder.assetcatalog; path = Images.xcassets; sourceTree = "<group>"; };
		FAA8774C1BAF0BAD00934C21 /* Base */ = {isa = PBXFileReference; lastKnownFileType = file.xib; name = Base; path = Base.lproj/LaunchScreen.xib; sourceTree = "<group>"; };
		FAA877521BAF0BAD00934C21 /* ToneMapperTests.xctest */ = {isa = PBXFileReference; explicitFileType = wrapper.cfbundle; includeInIndex = 0; path = ToneMapperTests.xctest; sourceTree = BUILT_PRODUCTS_DIR; };
		FAA877571BAF0BAD00934C21 /* Info.plist */ = {isa = PBXFileReference; lastKnownFileType = text.plist.xml; path = Info.plist; sourceTree = "<group>"; };
		FAA877581BAF0BAD00934C21 /* ToneMapperTests.m */ = {isa = PBXFileReference; lastKnownFileType = sourcecode.c.objc; path = ToneMapperTests.m; sourceTree = "<group>"; };
		FAF9453B1BBBC9320093DE0F /* TMViewController.h */ = {isa = PBXFileReference; fileEncoding = 4; lastKnownFileType = sourcecode.c.h; path = TMViewController.h; sourceTree = "<group>"; };
		FAF9453C1BBBC9320093DE0F /* TMViewController.m */ = {isa = PBXFileReference; fileEncoding = 4; lastKnownFileType = sourcecode.c.objc; path = TMViewController.m; sourceTree = "<group>"; };
		FAF945401BBBCE1A0093DE0F /* workspaceVertexShader.glsl */ = {isa = PBXFileReference; fileEncoding = 4; lastKnownFileType = text; path = workspaceVertexShader.glsl; sourceTree = "<group>"; };
		FAF945421BBBCE350093DE0F /* workspaceFragmentShader.glsl */ = {isa = PBXFileReference; fileEncoding = 4; lastKnownFileType = text; path = workspaceFragmentShader.glsl; sourceTree = "<group>"; };
		FAF945551BBC33AD0093DE0F /* ViewController.h */ = {isa = PBXFileReference; fileEncoding = 4; lastKnownFileType = sourcecode.c.h; path = ViewController.h; sourceTree = "<group>"; };
		FAF945561BBC33AD0093DE0F /* ViewController.m */ = {isa = PBXFileReference; fileEncoding = 4; lastKnownFileType = sourcecode.c.objc; path = ViewController.m; sourceTree = "<group>"; };
/* End PBXFileReference section */

/* Begin PBXFrameworksBuildPhase section */
		FAA877361BAF0BAD00934C21 /* Frameworks */ = {
			isa = PBXFrameworksBuildPhase;
			buildActionMask = 2147483647;
			files = (
			);
			runOnlyForDeploymentPostprocessing = 0;
		};
		FAA8774F1BAF0BAD00934C21 /* Frameworks */ = {
			isa = PBXFrameworksBuildPhase;
			buildActionMask = 2147483647;
			files = (
			);
			runOnlyForDeploymentPostprocessing = 0;
		};
/* End PBXFrameworksBuildPhase section */

/* Begin PBXGroup section */
		FA2401811BD00235008C5AAE /* View Controllers */ = {
			isa = PBXGroup;
			children = (
				FAF945551BBC33AD0093DE0F /* ViewController.h */,
				FAF945561BBC33AD0093DE0F /* ViewController.m */,
				FAF9453B1BBBC9320093DE0F /* TMViewController.h */,
				FAF9453C1BBBC9320093DE0F /* TMViewController.m */,
			);
			name = "View Controllers";
			sourceTree = "<group>";
		};
		FA2401821BD002AD008C5AAE /* Textures */ = {
			isa = PBXGroup;
			children = (
				FAA2C2971BC80400005689DC /* TMTexture.h */,
				FAA2C2981BC80400005689DC /* TMTexture.m */,
				FA2401731BCD6080008C5AAE /* TMTextureProcessor.h */,
				FA2401741BCD6080008C5AAE /* TMTextureProcessor.m */,
			);
			name = Textures;
			sourceTree = "<group>";
		};
		FA2401831BD002DA008C5AAE /* Processors */ = {
			isa = PBXGroup;
			children = (
				FA2401701BCD5FAA008C5AAE /* TMTextureProcessorFactory.h */,
				FA2401711BCD5FAA008C5AAE /* TMTextureProcessorFactory.m */,
				FAA2C29A1BC814E8005689DC /* TMTextureDrawer.h */,
				FAA2C29B1BC814E8005689DC /* TMTextureDrawer.m */,
				FA24016A1BCD525E008C5AAE /* TMTextureDisplay.h */,
				FA24016B1BCD525E008C5AAE /* TMTextureDisplay.m */,
			);
			name = Processors;
			sourceTree = "<group>";
		};
		FA2401841BD00324008C5AAE /* Frame Buffers */ = {
			isa = PBXGroup;
			children = (
				FA44E62E1BCA7F0A00FBDD28 /* TMFrameBuffer.h */,
				FAA2C2941BC80318005689DC /* TMTextureFrameBuffer.h */,
				FAA2C2951BC80318005689DC /* TMTextureFrameBuffer.m */,
				FA44E62F1BCA81D400FBDD28 /* TMGLKViewFrameBuffer.h */,
				FA44E6301BCA81D400FBDD28 /* TMGLKViewFrameBuffer.m */,
			);
			name = "Frame Buffers";
			sourceTree = "<group>";
		};
		FA2401851BD003DB008C5AAE /* Programs */ = {
			isa = PBXGroup;
			children = (
				FAA2C28A1BC6D00B005689DC /* TMProgram.h */,
				FAA2C28B1BC6D00B005689DC /* TMProgram.m */,
				FA24015A1BCC2DE2008C5AAE /* TMTextureProgram.h */,
				FA24015B1BCC2DE2008C5AAE /* TMTextureProgram.m */,
				FA24017C1BCE4766008C5AAE /* TMScalarAttribute.h */,
				FA24017D1BCE4766008C5AAE /* TMScalarAttribute.m */,
				FA24015D1BCD04DD008C5AAE /* TMProgramFactory.h */,
				FA24015E1BCD04DD008C5AAE /* TMProgramFactory.m */,
			);
			name = Programs;
			sourceTree = "<group>";
		};
		FA2401861BD003F0008C5AAE /* Geometry */ = {
			isa = PBXGroup;
			children = (
				FAA2C2901BC7FBB3005689DC /* TMVertices.h */,
				FAA2C2911BC7FEA0005689DC /* TMQuadTexturedVertices.h */,
				FAA2C2921BC7FEA0005689DC /* TMQuadTexturedVertices.m */,
				FAA2C28D1BC7F7BB005689DC /* TMTexturedGeometry.h */,
				FAA2C28E1BC7F7BB005689DC /* TMTexturedGeometry.m */,
				FA24019C1BD4DC2C008C5AAE /* TMGeometryFactory.h */,
				FA24019D1BD4DC2C008C5AAE /* TMGeometryFactory.m */,
			);
			name = Geometry;
			sourceTree = "<group>";
		};
		FA2401871BD0040D008C5AAE /* Projections */ = {
			isa = PBXGroup;
			children = (
				FA2401761BCD6714008C5AAE /* TMProjectionFactory.h */,
				FA2401771BCD6714008C5AAE /* TMProjectionFactory.m */,
			);
			name = Projections;
			sourceTree = "<group>";
		};
		FA4DA5D11BC5299A005869C8 /* Shaders */ = {
			isa = PBXGroup;
			children = (
				FA2401981BD407E6008C5AAE /* TMShader.h */,
				FA2401991BD407E6008C5AAE /* TMShader.m */,
				FAA2C2841BC6CA89005689DC /* TMShaderFactory.h */,
				FAA2C2851BC6CA89005689DC /* TMShaderFactory.m */,
				FAF945421BBBCE350093DE0F /* workspaceFragmentShader.glsl */,
				FAF945401BBBCE1A0093DE0F /* workspaceVertexShader.glsl */,
				FA4DA5CA1BC40517005869C8 /* textureFragmentShader.glsl */,
				FA4DA5CB1BC40517005869C8 /* textureVertexShader.glsl */,
			);
			name = Shaders;
			sourceTree = "<group>";
		};
		FAA877301BAF0BAD00934C21 = {
			isa = PBXGroup;
			children = (
				FAA8773B1BAF0BAD00934C21 /* ToneMapper */,
				FAA877551BAF0BAD00934C21 /* ToneMapperTests */,
				FAA8773A1BAF0BAD00934C21 /* Products */,
			);
			sourceTree = "<group>";
		};
		FAA8773A1BAF0BAD00934C21 /* Products */ = {
			isa = PBXGroup;
			children = (
				FAA877391BAF0BAD00934C21 /* ToneMapper.app */,
				FAA877521BAF0BAD00934C21 /* ToneMapperTests.xctest */,
			);
			name = Products;
			sourceTree = "<group>";
		};
		FAA8773B1BAF0BAD00934C21 /* ToneMapper */ = {
			isa = PBXGroup;
			children = (
				FA2401811BD00235008C5AAE /* View Controllers */,
				FAA877461BAF0BAD00934C21 /* Main.storyboard */,
				FAA877491BAF0BAD00934C21 /* Images.xcassets */,
				FAA8774B1BAF0BAD00934C21 /* LaunchScreen.xib */,
				FAF9453F1BBBCAA60093DE0F /* openGL */,
				FAA8773C1BAF0BAD00934C21 /* Supporting Files */,
			);
			path = ToneMapper;
			sourceTree = "<group>";
		};
		FAA8773C1BAF0BAD00934C21 /* Supporting Files */ = {
			isa = PBXGroup;
			children = (
				FAA877401BAF0BAD00934C21 /* AppDelegate.h */,
				FAA877411BAF0BAD00934C21 /* AppDelegate.m */,
				FAA8773D1BAF0BAD00934C21 /* Info.plist */,
				FAA8773E1BAF0BAD00934C21 /* main.m */,
			);
			name = "Supporting Files";
			sourceTree = "<group>";
		};
		FAA877551BAF0BAD00934C21 /* ToneMapperTests */ = {
			isa = PBXGroup;
			children = (
				FAA877581BAF0BAD00934C21 /* ToneMapperTests.m */,
				FAA877561BAF0BAD00934C21 /* Supporting Files */,
			);
			path = ToneMapperTests;
			sourceTree = "<group>";
		};
		FAA877561BAF0BAD00934C21 /* Supporting Files */ = {
			isa = PBXGroup;
			children = (
				FAA877571BAF0BAD00934C21 /* Info.plist */,
			);
			name = "Supporting Files";
			sourceTree = "<group>";
		};
		FAF9453F1BBBCAA60093DE0F /* openGL */ = {
			isa = PBXGroup;
			children = (
				FA4DA5D31BC67B18005869C8 /* TMHandleDictionary.h */,
				FA4DA5D41BC67B18005869C8 /* TMHandleDictionary.m */,
				FA24018F1BD39D74008C5AAE /* TMMutableHandleDictionary.h */,
				FA2401901BD39D74008C5AAE /* TMMutableHandleDictionary.m */,
				FA2401951BD3FA0F008C5AAE /* TMPosition.h */,
				FA2401961BD3FA0F008C5AAE /* TMPosition.m */,
				FA2401871BD0040D008C5AAE /* Projections */,
				FA2401861BD003F0008C5AAE /* Geometry */,
				FA2401851BD003DB008C5AAE /* Programs */,
				FA2401841BD00324008C5AAE /* Frame Buffers */,
				FA2401831BD002DA008C5AAE /* Processors */,
				FA2401821BD002AD008C5AAE /* Textures */,
				FA4DA5D11BC5299A005869C8 /* Shaders */,
			);
			name = openGL;
			sourceTree = "<group>";
		};
/* End PBXGroup section */

/* Begin PBXNativeTarget section */
		FAA877381BAF0BAD00934C21 /* ToneMapper */ = {
			isa = PBXNativeTarget;
			buildConfigurationList = FAA8775C1BAF0BAD00934C21 /* Build configuration list for PBXNativeTarget "ToneMapper" */;
			buildPhases = (
				FAA877351BAF0BAD00934C21 /* Sources */,
				FAA877361BAF0BAD00934C21 /* Frameworks */,
				FAA877371BAF0BAD00934C21 /* Resources */,
			);
			buildRules = (
			);
			dependencies = (
			);
			name = ToneMapper;
			productName = ToneMapper;
			productReference = FAA877391BAF0BAD00934C21 /* ToneMapper.app */;
			productType = "com.apple.product-type.application";
		};
		FAA877511BAF0BAD00934C21 /* ToneMapperTests */ = {
			isa = PBXNativeTarget;
			buildConfigurationList = FAA8775F1BAF0BAD00934C21 /* Build configuration list for PBXNativeTarget "ToneMapperTests" */;
			buildPhases = (
				FAA8774E1BAF0BAD00934C21 /* Sources */,
				FAA8774F1BAF0BAD00934C21 /* Frameworks */,
				FAA877501BAF0BAD00934C21 /* Resources */,
			);
			buildRules = (
			);
			dependencies = (
				FAA877541BAF0BAD00934C21 /* PBXTargetDependency */,
			);
			name = ToneMapperTests;
			productName = ToneMapperTests;
			productReference = FAA877521BAF0BAD00934C21 /* ToneMapperTests.xctest */;
			productType = "com.apple.product-type.bundle.unit-test";
		};
/* End PBXNativeTarget section */

/* Begin PBXProject section */
		FAA877311BAF0BAD00934C21 /* Project object */ = {
			isa = PBXProject;
			attributes = {
				LastUpgradeCheck = 0640;
				ORGANIZATIONNAME = "Lightricks Ltd.";
				TargetAttributes = {
					FAA877381BAF0BAD00934C21 = {
						CreatedOnToolsVersion = 6.4;
					};
					FAA877511BAF0BAD00934C21 = {
						CreatedOnToolsVersion = 6.4;
						TestTargetID = FAA877381BAF0BAD00934C21;
					};
				};
			};
			buildConfigurationList = FAA877341BAF0BAD00934C21 /* Build configuration list for PBXProject "ToneMapper" */;
			compatibilityVersion = "Xcode 3.2";
			developmentRegion = English;
			hasScannedForEncodings = 0;
			knownRegions = (
				en,
				Base,
			);
			mainGroup = FAA877301BAF0BAD00934C21;
			productRefGroup = FAA8773A1BAF0BAD00934C21 /* Products */;
			projectDirPath = "";
			projectRoot = "";
			targets = (
				FAA877381BAF0BAD00934C21 /* ToneMapper */,
				FAA877511BAF0BAD00934C21 /* ToneMapperTests */,
			);
		};
/* End PBXProject section */

/* Begin PBXResourcesBuildPhase section */
		FAA877371BAF0BAD00934C21 /* Resources */ = {
			isa = PBXResourcesBuildPhase;
			buildActionMask = 2147483647;
			files = (
				FAF945431BBBCE350093DE0F /* workspaceFragmentShader.glsl in Resources */,
				FAA877481BAF0BAD00934C21 /* Main.storyboard in Resources */,
				FA4DA5CD1BC40517005869C8 /* textureVertexShader.glsl in Resources */,
				FAF945411BBBCE1A0093DE0F /* workspaceVertexShader.glsl in Resources */,
				FAA8774D1BAF0BAD00934C21 /* LaunchScreen.xib in Resources */,
				FAA8774A1BAF0BAD00934C21 /* Images.xcassets in Resources */,
				FA4DA5CC1BC40517005869C8 /* textureFragmentShader.glsl in Resources */,
			);
			runOnlyForDeploymentPostprocessing = 0;
		};
		FAA877501BAF0BAD00934C21 /* Resources */ = {
			isa = PBXResourcesBuildPhase;
			buildActionMask = 2147483647;
			files = (
			);
			runOnlyForDeploymentPostprocessing = 0;
		};
/* End PBXResourcesBuildPhase section */

/* Begin PBXSourcesBuildPhase section */
		FAA877351BAF0BAD00934C21 /* Sources */ = {
			isa = PBXSourcesBuildPhase;
			buildActionMask = 2147483647;
			files = (
				FA2401721BCD5FAA008C5AAE /* TMTextureProcessorFactory.m in Sources */,
				FAA2C2861BC6CA89005689DC /* TMShaderFactory.m in Sources */,
				FA44E6311BCA81D400FBDD28 /* TMGLKViewFrameBuffer.m in Sources */,
				FA24019E1BD4DC2C008C5AAE /* TMGeometryFactory.m in Sources */,
				FAA2C2991BC80400005689DC /* TMTexture.m in Sources */,
				FAA2C2961BC80318005689DC /* TMTextureFrameBuffer.m in Sources */,
				FA24019A1BD407E6008C5AAE /* TMShader.m in Sources */,
				FA24017E1BCE4766008C5AAE /* TMScalarAttribute.m in Sources */,
				FAF945571BBC33AD0093DE0F /* ViewController.m in Sources */,
				FAF9453E1BBBC9320093DE0F /* TMViewController.m in Sources */,
				FA2401971BD3FA0F008C5AAE /* TMPosition.m in Sources */,
				FAA2C28C1BC6D00B005689DC /* TMProgram.m in Sources */,
				FAA877421BAF0BAD00934C21 /* AppDelegate.m in Sources */,
				FA2401911BD39D74008C5AAE /* TMMutableHandleDictionary.m in Sources */,
				FAA2C2931BC7FEA0005689DC /* TMQuadTexturedVertices.m in Sources */,
				FAA2C29C1BC814E8005689DC /* TMTextureDrawer.m in Sources */,
				FA24015F1BCD04DD008C5AAE /* TMProgramFactory.m in Sources */,
				FAA2C28F1BC7F7BB005689DC /* TMTexturedGeometry.m in Sources */,
				FA24015C1BCC2DE2008C5AAE /* TMTextureProgram.m in Sources */,
				FA2401751BCD6080008C5AAE /* TMTextureProcessor.m in Sources */,
				FAA8773F1BAF0BAD00934C21 /* main.m in Sources */,
				FA24016C1BCD525E008C5AAE /* TMTextureDisplay.m in Sources */,
				FA4DA5D51BC67B18005869C8 /* TMHandleDictionary.m in Sources */,
				FA2401781BCD6714008C5AAE /* TMProjectionFactory.m in Sources */,
			);
			runOnlyForDeploymentPostprocessing = 0;
		};
		FAA8774E1BAF0BAD00934C21 /* Sources */ = {
			isa = PBXSourcesBuildPhase;
			buildActionMask = 2147483647;
			files = (
				FAA877591BAF0BAD00934C21 /* ToneMapperTests.m in Sources */,
			);
			runOnlyForDeploymentPostprocessing = 0;
		};
/* End PBXSourcesBuildPhase section */

/* Begin PBXTargetDependency section */
		FAA877541BAF0BAD00934C21 /* PBXTargetDependency */ = {
			isa = PBXTargetDependency;
			target = FAA877381BAF0BAD00934C21 /* ToneMapper */;
			targetProxy = FAA877531BAF0BAD00934C21 /* PBXContainerItemProxy */;
		};
/* End PBXTargetDependency section */

/* Begin PBXVariantGroup section */
		FAA877461BAF0BAD00934C21 /* Main.storyboard */ = {
			isa = PBXVariantGroup;
			children = (
				FAA877471BAF0BAD00934C21 /* Base */,
			);
			name = Main.storyboard;
			sourceTree = "<group>";
		};
		FAA8774B1BAF0BAD00934C21 /* LaunchScreen.xib */ = {
			isa = PBXVariantGroup;
			children = (
				FAA8774C1BAF0BAD00934C21 /* Base */,
			);
			name = LaunchScreen.xib;
			sourceTree = "<group>";
		};
/* End PBXVariantGroup section */

/* Begin XCBuildConfiguration section */
		FAA8775A1BAF0BAD00934C21 /* Debug */ = {
			isa = XCBuildConfiguration;
			buildSettings = {
				ALWAYS_SEARCH_USER_PATHS = NO;
				CLANG_CXX_LANGUAGE_STANDARD = "gnu++0x";
				CLANG_CXX_LIBRARY = "libc++";
				CLANG_ENABLE_MODULES = YES;
				CLANG_ENABLE_OBJC_ARC = YES;
				CLANG_WARN_BOOL_CONVERSION = YES;
				CLANG_WARN_CONSTANT_CONVERSION = YES;
				CLANG_WARN_DIRECT_OBJC_ISA_USAGE = YES_ERROR;
				CLANG_WARN_EMPTY_BODY = YES;
				CLANG_WARN_ENUM_CONVERSION = YES;
				CLANG_WARN_INT_CONVERSION = YES;
				CLANG_WARN_OBJC_ROOT_CLASS = YES_ERROR;
				CLANG_WARN_UNREACHABLE_CODE = YES;
				CLANG_WARN__DUPLICATE_METHOD_MATCH = YES;
				"CODE_SIGN_IDENTITY[sdk=iphoneos*]" = "iPhone Developer";
				COPY_PHASE_STRIP = NO;
				DEBUG_INFORMATION_FORMAT = "dwarf-with-dsym";
				ENABLE_STRICT_OBJC_MSGSEND = YES;
				GCC_C_LANGUAGE_STANDARD = gnu99;
				GCC_DYNAMIC_NO_PIC = NO;
				GCC_NO_COMMON_BLOCKS = YES;
				GCC_OPTIMIZATION_LEVEL = 0;
				GCC_PREPROCESSOR_DEFINITIONS = (
					"DEBUG=1",
					"$(inherited)",
				);
				GCC_SYMBOLS_PRIVATE_EXTERN = NO;
				GCC_WARN_64_TO_32_BIT_CONVERSION = YES;
				GCC_WARN_ABOUT_RETURN_TYPE = YES_ERROR;
				GCC_WARN_UNDECLARED_SELECTOR = YES;
				GCC_WARN_UNINITIALIZED_AUTOS = YES_AGGRESSIVE;
				GCC_WARN_UNUSED_FUNCTION = YES;
				GCC_WARN_UNUSED_VARIABLE = YES;
				IPHONEOS_DEPLOYMENT_TARGET = 8.4;
				MTL_ENABLE_DEBUG_INFO = YES;
				ONLY_ACTIVE_ARCH = YES;
				SDKROOT = iphoneos;
				TARGETED_DEVICE_FAMILY = "1,2";
			};
			name = Debug;
		};
		FAA8775B1BAF0BAD00934C21 /* Release */ = {
			isa = XCBuildConfiguration;
			buildSettings = {
				ALWAYS_SEARCH_USER_PATHS = NO;
				CLANG_CXX_LANGUAGE_STANDARD = "gnu++0x";
				CLANG_CXX_LIBRARY = "libc++";
				CLANG_ENABLE_MODULES = YES;
				CLANG_ENABLE_OBJC_ARC = YES;
				CLANG_WARN_BOOL_CONVERSION = YES;
				CLANG_WARN_CONSTANT_CONVERSION = YES;
				CLANG_WARN_DIRECT_OBJC_ISA_USAGE = YES_ERROR;
				CLANG_WARN_EMPTY_BODY = YES;
				CLANG_WARN_ENUM_CONVERSION = YES;
				CLANG_WARN_INT_CONVERSION = YES;
				CLANG_WARN_OBJC_ROOT_CLASS = YES_ERROR;
				CLANG_WARN_UNREACHABLE_CODE = YES;
				CLANG_WARN__DUPLICATE_METHOD_MATCH = YES;
				"CODE_SIGN_IDENTITY[sdk=iphoneos*]" = "iPhone Developer";
				COPY_PHASE_STRIP = NO;
				DEBUG_INFORMATION_FORMAT = "dwarf-with-dsym";
				ENABLE_NS_ASSERTIONS = NO;
				ENABLE_STRICT_OBJC_MSGSEND = YES;
				GCC_C_LANGUAGE_STANDARD = gnu99;
				GCC_NO_COMMON_BLOCKS = YES;
				GCC_WARN_64_TO_32_BIT_CONVERSION = YES;
				GCC_WARN_ABOUT_RETURN_TYPE = YES_ERROR;
				GCC_WARN_UNDECLARED_SELECTOR = YES;
				GCC_WARN_UNINITIALIZED_AUTOS = YES_AGGRESSIVE;
				GCC_WARN_UNUSED_FUNCTION = YES;
				GCC_WARN_UNUSED_VARIABLE = YES;
				IPHONEOS_DEPLOYMENT_TARGET = 8.4;
				MTL_ENABLE_DEBUG_INFO = NO;
				SDKROOT = iphoneos;
				TARGETED_DEVICE_FAMILY = "1,2";
				VALIDATE_PRODUCT = YES;
			};
			name = Release;
		};
		FAA8775D1BAF0BAD00934C21 /* Debug */ = {
			isa = XCBuildConfiguration;
			buildSettings = {
				ASSETCATALOG_COMPILER_APPICON_NAME = AppIcon;
				INFOPLIST_FILE = ToneMapper/Info.plist;
				IPHONEOS_DEPLOYMENT_TARGET = 7.1;
				LD_RUNPATH_SEARCH_PATHS = "$(inherited) @executable_path/Frameworks";
				PRODUCT_NAME = "$(TARGET_NAME)";
			};
			name = Debug;
		};
		FAA8775E1BAF0BAD00934C21 /* Release */ = {
			isa = XCBuildConfiguration;
			buildSettings = {
				ASSETCATALOG_COMPILER_APPICON_NAME = AppIcon;
				INFOPLIST_FILE = ToneMapper/Info.plist;
				IPHONEOS_DEPLOYMENT_TARGET = 7.1;
				LD_RUNPATH_SEARCH_PATHS = "$(inherited) @executable_path/Frameworks";
				PRODUCT_NAME = "$(TARGET_NAME)";
			};
			name = Release;
		};
		FAA877601BAF0BAD00934C21 /* Debug */ = {
			isa = XCBuildConfiguration;
			buildSettings = {
				BUNDLE_LOADER = "$(TEST_HOST)";
				FRAMEWORK_SEARCH_PATHS = (
					"$(SDKROOT)/Developer/Library/Frameworks",
					"$(inherited)",
				);
				GCC_PREPROCESSOR_DEFINITIONS = (
					"DEBUG=1",
					"$(inherited)",
				);
				INFOPLIST_FILE = ToneMapperTests/Info.plist;
				LD_RUNPATH_SEARCH_PATHS = "$(inherited) @executable_path/Frameworks @loader_path/Frameworks";
				PRODUCT_NAME = "$(TARGET_NAME)";
				TEST_HOST = "$(BUILT_PRODUCTS_DIR)/ToneMapper.app/ToneMapper";
			};
			name = Debug;
		};
		FAA877611BAF0BAD00934C21 /* Release */ = {
			isa = XCBuildConfiguration;
			buildSettings = {
				BUNDLE_LOADER = "$(TEST_HOST)";
				FRAMEWORK_SEARCH_PATHS = (
					"$(SDKROOT)/Developer/Library/Frameworks",
					"$(inherited)",
				);
				INFOPLIST_FILE = ToneMapperTests/Info.plist;
				LD_RUNPATH_SEARCH_PATHS = "$(inherited) @executable_path/Frameworks @loader_path/Frameworks";
				PRODUCT_NAME = "$(TARGET_NAME)";
				TEST_HOST = "$(BUILT_PRODUCTS_DIR)/ToneMapper.app/ToneMapper";
			};
			name = Release;
		};
/* End XCBuildConfiguration section */

/* Begin XCConfigurationList section */
		FAA877341BAF0BAD00934C21 /* Build configuration list for PBXProject "ToneMapper" */ = {
			isa = XCConfigurationList;
			buildConfigurations = (
				FAA8775A1BAF0BAD00934C21 /* Debug */,
				FAA8775B1BAF0BAD00934C21 /* Release */,
			);
			defaultConfigurationIsVisible = 0;
			defaultConfigurationName = Release;
		};
		FAA8775C1BAF0BAD00934C21 /* Build configuration list for PBXNativeTarget "ToneMapper" */ = {
			isa = XCConfigurationList;
			buildConfigurations = (
				FAA8775D1BAF0BAD00934C21 /* Debug */,
				FAA8775E1BAF0BAD00934C21 /* Release */,
			);
			defaultConfigurationIsVisible = 0;
			defaultConfigurationName = Release;
		};
		FAA8775F1BAF0BAD00934C21 /* Build configuration list for PBXNativeTarget "ToneMapperTests" */ = {
			isa = XCConfigurationList;
			buildConfigurations = (
				FAA877601BAF0BAD00934C21 /* Debug */,
				FAA877611BAF0BAD00934C21 /* Release */,
			);
			defaultConfigurationIsVisible = 0;
			defaultConfigurationName = Release;
		};
/* End XCConfigurationList section */
	};
	rootObject = FAA877311BAF0BAD00934C21 /* Project object */;
}
