// !$*UTF8*$!
{
	archiveVersion = 1;
	classes = {
	};
	objectVersion = 46;
	objects = {

/* Begin PBXBuildFile section */
		FAA8773F1BAF0BAD00934C21 /* main.m in Sources */ = {isa = PBXBuildFile; fileRef = FAA8773E1BAF0BAD00934C21 /* main.m */; };
		FAA877421BAF0BAD00934C21 /* AppDelegate.m in Sources */ = {isa = PBXBuildFile; fileRef = FAA877411BAF0BAD00934C21 /* AppDelegate.m */; };
		FAA877481BAF0BAD00934C21 /* Main.storyboard in Resources */ = {isa = PBXBuildFile; fileRef = FAA877461BAF0BAD00934C21 /* Main.storyboard */; };
		FAA8774A1BAF0BAD00934C21 /* Images.xcassets in Resources */ = {isa = PBXBuildFile; fileRef = FAA877491BAF0BAD00934C21 /* Images.xcassets */; };
		FAA8774D1BAF0BAD00934C21 /* LaunchScreen.xib in Resources */ = {isa = PBXBuildFile; fileRef = FAA8774B1BAF0BAD00934C21 /* LaunchScreen.xib */; };
		FAA877591BAF0BAD00934C21 /* ToneMapperTests.m in Sources */ = {isa = PBXBuildFile; fileRef = FAA877581BAF0BAD00934C21 /* ToneMapperTests.m */; };
		FAF9453D1BBBC9320093DE0F /* TMImageProgram.m in Sources */ = {isa = PBXBuildFile; fileRef = FAF945391BBBC9320093DE0F /* TMImageProgram.m */; };
		FAF9453E1BBBC9320093DE0F /* TMViewController.m in Sources */ = {isa = PBXBuildFile; fileRef = FAF9453C1BBBC9320093DE0F /* TMViewController.m */; };
		FAF945411BBBCE1A0093DE0F /* vertex.glsl in Resources */ = {isa = PBXBuildFile; fileRef = FAF945401BBBCE1A0093DE0F /* vertex.glsl */; };
		FAF945431BBBCE350093DE0F /* fragment.glsl in Resources */ = {isa = PBXBuildFile; fileRef = FAF945421BBBCE350093DE0F /* fragment.glsl */; };
		FAF945451BBBD76A0093DE0F /* lightricks.png in Resources */ = {isa = PBXBuildFile; fileRef = FAF945441BBBD76A0093DE0F /* lightricks.png */; };
/* End PBXBuildFile section */

/* Begin PBXContainerItemProxy section */
		FAA877531BAF0BAD00934C21 /* PBXContainerItemProxy */ = {
			isa = PBXContainerItemProxy;
			containerPortal = FAA877311BAF0BAD00934C21 /* Project object */;
			proxyType = 1;
			remoteGlobalIDString = FAA877381BAF0BAD00934C21;
			remoteInfo = ToneMapper;
		};
/* End PBXContainerItemProxy section */

/* Begin PBXFileReference section */
		FAA877391BAF0BAD00934C21 /* ToneMapper.app */ = {isa = PBXFileReference; explicitFileType = wrapper.application; includeInIndex = 0; path = ToneMapper.app; sourceTree = BUILT_PRODUCTS_DIR; };
		FAA8773D1BAF0BAD00934C21 /* Info.plist */ = {isa = PBXFileReference; lastKnownFileType = text.plist.xml; path = Info.plist; sourceTree = "<group>"; };
		FAA8773E1BAF0BAD00934C21 /* main.m */ = {isa = PBXFileReference; lastKnownFileType = sourcecode.c.objc; path = main.m; sourceTree = "<group>"; };
		FAA877401BAF0BAD00934C21 /* AppDelegate.h */ = {isa = PBXFileReference; lastKnownFileType = sourcecode.c.h; path = AppDelegate.h; sourceTree = "<group>"; };
		FAA877411BAF0BAD00934C21 /* AppDelegate.m */ = {isa = PBXFileReference; lastKnownFileType = sourcecode.c.objc; path = AppDelegate.m; sourceTree = "<group>"; };
		FAA877471BAF0BAD00934C21 /* Base */ = {isa = PBXFileReference; lastKnownFileType = file.storyboard; name = Base; path = Base.lproj/Main.storyboard; sourceTree = "<group>"; };
		FAA877491BAF0BAD00934C21 /* Images.xcassets */ = {isa = PBXFileReference; lastKnownFileType = folder.assetcatalog; path = Images.xcassets; sourceTree = "<group>"; };
		FAA8774C1BAF0BAD00934C21 /* Base */ = {isa = PBXFileReference; lastKnownFileType = file.xib; name = Base; path = Base.lproj/LaunchScreen.xib; sourceTree = "<group>"; };
		FAA877521BAF0BAD00934C21 /* ToneMapperTests.xctest */ = {isa = PBXFileReference; explicitFileType = wrapper.cfbundle; includeInIndex = 0; path = ToneMapperTests.xctest; sourceTree = BUILT_PRODUCTS_DIR; };
		FAA877571BAF0BAD00934C21 /* Info.plist */ = {isa = PBXFileReference; lastKnownFileType = text.plist.xml; path = Info.plist; sourceTree = "<group>"; };
		FAA877581BAF0BAD00934C21 /* ToneMapperTests.m */ = {isa = PBXFileReference; lastKnownFileType = sourcecode.c.objc; path = ToneMapperTests.m; sourceTree = "<group>"; };
		FAF945381BBBC9320093DE0F /* TMImageProgram.h */ = {isa = PBXFileReference; fileEncoding = 4; lastKnownFileType = sourcecode.c.h; path = TMImageProgram.h; sourceTree = "<group>"; };
		FAF945391BBBC9320093DE0F /* TMImageProgram.m */ = {isa = PBXFileReference; fileEncoding = 4; lastKnownFileType = sourcecode.c.objc; path = TMImageProgram.m; sourceTree = "<group>"; };
		FAF9453A1BBBC9320093DE0F /* TMProgram.h */ = {isa = PBXFileReference; fileEncoding = 4; lastKnownFileType = sourcecode.c.h; path = TMProgram.h; sourceTree = "<group>"; };
		FAF9453B1BBBC9320093DE0F /* TMViewController.h */ = {isa = PBXFileReference; fileEncoding = 4; lastKnownFileType = sourcecode.c.h; path = TMViewController.h; sourceTree = "<group>"; };
		FAF9453C1BBBC9320093DE0F /* TMViewController.m */ = {isa = PBXFileReference; fileEncoding = 4; lastKnownFileType = sourcecode.c.objc; path = TMViewController.m; sourceTree = "<group>"; };
		FAF945401BBBCE1A0093DE0F /* vertex.glsl */ = {isa = PBXFileReference; fileEncoding = 4; lastKnownFileType = text; path = vertex.glsl; sourceTree = "<group>"; };
		FAF945421BBBCE350093DE0F /* fragment.glsl */ = {isa = PBXFileReference; fileEncoding = 4; lastKnownFileType = text; path = fragment.glsl; sourceTree = "<group>"; };
		FAF945441BBBD76A0093DE0F /* lightricks.png */ = {isa = PBXFileReference; lastKnownFileType = image.png; path = lightricks.png; sourceTree = "<group>"; };
/* End PBXFileReference section */

/* Begin PBXFrameworksBuildPhase section */
		FAA877361BAF0BAD00934C21 /* Frameworks */ = {
			isa = PBXFrameworksBuildPhase;
			buildActionMask = 2147483647;
			files = (
			);
			runOnlyForDeploymentPostprocessing = 0;
		};
		FAA8774F1BAF0BAD00934C21 /* Frameworks */ = {
			isa = PBXFrameworksBuildPhase;
			buildActionMask = 2147483647;
			files = (
			);
			runOnlyForDeploymentPostprocessing = 0;
		};
/* End PBXFrameworksBuildPhase section */

/* Begin PBXGroup section */
		FAA877301BAF0BAD00934C21 = {
			isa = PBXGroup;
			children = (
				FAA8773B1BAF0BAD00934C21 /* ToneMapper */,
				FAA877551BAF0BAD00934C21 /* ToneMapperTests */,
				FAA8773A1BAF0BAD00934C21 /* Products */,
			);
			sourceTree = "<group>";
		};
		FAA8773A1BAF0BAD00934C21 /* Products */ = {
			isa = PBXGroup;
			children = (
				FAA877391BAF0BAD00934C21 /* ToneMapper.app */,
				FAA877521BAF0BAD00934C21 /* ToneMapperTests.xctest */,
			);
			name = Products;
			sourceTree = "<group>";
		};
		FAA8773B1BAF0BAD00934C21 /* ToneMapper */ = {
			isa = PBXGroup;
			children = (
				FAF945441BBBD76A0093DE0F /* lightricks.png */,
				FAA877461BAF0BAD00934C21 /* Main.storyboard */,
				FAF9453B1BBBC9320093DE0F /* TMViewController.h */,
				FAF9453C1BBBC9320093DE0F /* TMViewController.m */,
				FAA877491BAF0BAD00934C21 /* Images.xcassets */,
				FAA8774B1BAF0BAD00934C21 /* LaunchScreen.xib */,
				FAF9453F1BBBCAA60093DE0F /* openGL */,
				FAA8773C1BAF0BAD00934C21 /* Supporting Files */,
			);
			path = ToneMapper;
			sourceTree = "<group>";
		};
		FAA8773C1BAF0BAD00934C21 /* Supporting Files */ = {
			isa = PBXGroup;
			children = (
				FAA877401BAF0BAD00934C21 /* AppDelegate.h */,
				FAA877411BAF0BAD00934C21 /* AppDelegate.m */,
				FAA8773D1BAF0BAD00934C21 /* Info.plist */,
				FAA8773E1BAF0BAD00934C21 /* main.m */,
			);
			name = "Supporting Files";
			sourceTree = "<group>";
		};
		FAA877551BAF0BAD00934C21 /* ToneMapperTests */ = {
			isa = PBXGroup;
			children = (
				FAA877581BAF0BAD00934C21 /* ToneMapperTests.m */,
				FAA877561BAF0BAD00934C21 /* Supporting Files */,
			);
			path = ToneMapperTests;
			sourceTree = "<group>";
		};
		FAA877561BAF0BAD00934C21 /* Supporting Files */ = {
			isa = PBXGroup;
			children = (
				FAA877571BAF0BAD00934C21 /* Info.plist */,
			);
			name = "Supporting Files";
			sourceTree = "<group>";
		};
		FAF9453F1BBBCAA60093DE0F /* openGL */ = {
			isa = PBXGroup;
			children = (
				FAF945401BBBCE1A0093DE0F /* vertex.glsl */,
				FAF945421BBBCE350093DE0F /* fragment.glsl */,
				FAF945381BBBC9320093DE0F /* TMImageProgram.h */,
				FAF945391BBBC9320093DE0F /* TMImageProgram.m */,
				FAF9453A1BBBC9320093DE0F /* TMProgram.h */,
			);
			name = openGL;
			sourceTree = "<group>";
		};
/* End PBXGroup section */

/* Begin PBXNativeTarget section */
		FAA877381BAF0BAD00934C21 /* ToneMapper */ = {
			isa = PBXNativeTarget;
			buildConfigurationList = FAA8775C1BAF0BAD00934C21 /* Build configuration list for PBXNativeTarget "ToneMapper" */;
			buildPhases = (
				FAA877351BAF0BAD00934C21 /* Sources */,
				FAA877361BAF0BAD00934C21 /* Frameworks */,
				FAA877371BAF0BAD00934C21 /* Resources */,
			);
			buildRules = (
			);
			dependencies = (
			);
			name = ToneMapper;
			productName = ToneMapper;
			productReference = FAA877391BAF0BAD00934C21 /* ToneMapper.app */;
			productType = "com.apple.product-type.application";
		};
		FAA877511BAF0BAD00934C21 /* ToneMapperTests */ = {
			isa = PBXNativeTarget;
			buildConfigurationList = FAA8775F1BAF0BAD00934C21 /* Build configuration list for PBXNativeTarget "ToneMapperTests" */;
			buildPhases = (
				FAA8774E1BAF0BAD00934C21 /* Sources */,
				FAA8774F1BAF0BAD00934C21 /* Frameworks */,
				FAA877501BAF0BAD00934C21 /* Resources */,
			);
			buildRules = (
			);
			dependencies = (
				FAA877541BAF0BAD00934C21 /* PBXTargetDependency */,
			);
			name = ToneMapperTests;
			productName = ToneMapperTests;
			productReference = FAA877521BAF0BAD00934C21 /* ToneMapperTests.xctest */;
			productType = "com.apple.product-type.bundle.unit-test";
		};
/* End PBXNativeTarget section */

/* Begin PBXProject section */
		FAA877311BAF0BAD00934C21 /* Project object */ = {
			isa = PBXProject;
			attributes = {
				LastUpgradeCheck = 0640;
				ORGANIZATIONNAME = "Lightricks Ltd.";
				TargetAttributes = {
					FAA877381BAF0BAD00934C21 = {
						CreatedOnToolsVersion = 6.4;
					};
					FAA877511BAF0BAD00934C21 = {
						CreatedOnToolsVersion = 6.4;
						TestTargetID = FAA877381BAF0BAD00934C21;
					};
				};
			};
			buildConfigurationList = FAA877341BAF0BAD00934C21 /* Build configuration list for PBXProject "ToneMapper" */;
			compatibilityVersion = "Xcode 3.2";
			developmentRegion = English;
			hasScannedForEncodings = 0;
			knownRegions = (
				en,
				Base,
			);
			mainGroup = FAA877301BAF0BAD00934C21;
			productRefGroup = FAA8773A1BAF0BAD00934C21 /* Products */;
			projectDirPath = "";
			projectRoot = "";
			targets = (
				FAA877381BAF0BAD00934C21 /* ToneMapper */,
				FAA877511BAF0BAD00934C21 /* ToneMapperTests */,
			);
		};
/* End PBXProject section */

/* Begin PBXResourcesBuildPhase section */
		FAA877371BAF0BAD00934C21 /* Resources */ = {
			isa = PBXResourcesBuildPhase;
			buildActionMask = 2147483647;
			files = (
				FAF945431BBBCE350093DE0F /* fragment.glsl in Resources */,
				FAA877481BAF0BAD00934C21 /* Main.storyboard in Resources */,
				FAF945411BBBCE1A0093DE0F /* vertex.glsl in Resources */,
				FAA8774D1BAF0BAD00934C21 /* LaunchScreen.xib in Resources */,
				FAA8774A1BAF0BAD00934C21 /* Images.xcassets in Resources */,
				FAF945451BBBD76A0093DE0F /* lightricks.png in Resources */,
			);
			runOnlyForDeploymentPostprocessing = 0;
		};
		FAA877501BAF0BAD00934C21 /* Resources */ = {
			isa = PBXResourcesBuildPhase;
			buildActionMask = 2147483647;
			files = (
			);
			runOnlyForDeploymentPostprocessing = 0;
		};
/* End PBXResourcesBuildPhase section */

/* Begin PBXSourcesBuildPhase section */
		FAA877351BAF0BAD00934C21 /* Sources */ = {
			isa = PBXSourcesBuildPhase;
			buildActionMask = 2147483647;
			files = (
				FAF9453D1BBBC9320093DE0F /* TMImageProgram.m in Sources */,
				FAF9453E1BBBC9320093DE0F /* TMViewController.m in Sources */,
				FAA877421BAF0BAD00934C21 /* AppDelegate.m in Sources */,
				FAA8773F1BAF0BAD00934C21 /* main.m in Sources */,
			);
			runOnlyForDeploymentPostprocessing = 0;
		};
		FAA8774E1BAF0BAD00934C21 /* Sources */ = {
			isa = PBXSourcesBuildPhase;
			buildActionMask = 2147483647;
			files = (
				FAA877591BAF0BAD00934C21 /* ToneMapperTests.m in Sources */,
			);
			runOnlyForDeploymentPostprocessing = 0;
		};
/* End PBXSourcesBuildPhase section */

/* Begin PBXTargetDependency section */
		FAA877541BAF0BAD00934C21 /* PBXTargetDependency */ = {
			isa = PBXTargetDependency;
			target = FAA877381BAF0BAD00934C21 /* ToneMapper */;
			targetProxy = FAA877531BAF0BAD00934C21 /* PBXContainerItemProxy */;
		};
/* End PBXTargetDependency section */

/* Begin PBXVariantGroup section */
		FAA877461BAF0BAD00934C21 /* Main.storyboard */ = {
			isa = PBXVariantGroup;
			children = (
				FAA877471BAF0BAD00934C21 /* Base */,
			);
			name = Main.storyboard;
			sourceTree = "<group>";
		};
		FAA8774B1BAF0BAD00934C21 /* LaunchScreen.xib */ = {
			isa = PBXVariantGroup;
			children = (
				FAA8774C1BAF0BAD00934C21 /* Base */,
			);
			name = LaunchScreen.xib;
			sourceTree = "<group>";
		};
/* End PBXVariantGroup section */

/* Begin XCBuildConfiguration section */
		FAA8775A1BAF0BAD00934C21 /* Debug */ = {
			isa = XCBuildConfiguration;
			buildSettings = {
				ALWAYS_SEARCH_USER_PATHS = NO;
				CLANG_CXX_LANGUAGE_STANDARD = "gnu++0x";
				CLANG_CXX_LIBRARY = "libc++";
				CLANG_ENABLE_MODULES = YES;
				CLANG_ENABLE_OBJC_ARC = YES;
				CLANG_WARN_BOOL_CONVERSION = YES;
				CLANG_WARN_CONSTANT_CONVERSION = YES;
				CLANG_WARN_DIRECT_OBJC_ISA_USAGE = YES_ERROR;
				CLANG_WARN_EMPTY_BODY = YES;
				CLANG_WARN_ENUM_CONVERSION = YES;
				CLANG_WARN_INT_CONVERSION = YES;
				CLANG_WARN_OBJC_ROOT_CLASS = YES_ERROR;
				CLANG_WARN_UNREACHABLE_CODE = YES;
				CLANG_WARN__DUPLICATE_METHOD_MATCH = YES;
				"CODE_SIGN_IDENTITY[sdk=iphoneos*]" = "iPhone Developer";
				COPY_PHASE_STRIP = NO;
				DEBUG_INFORMATION_FORMAT = "dwarf-with-dsym";
				ENABLE_STRICT_OBJC_MSGSEND = YES;
				GCC_C_LANGUAGE_STANDARD = gnu99;
				GCC_DYNAMIC_NO_PIC = NO;
				GCC_NO_COMMON_BLOCKS = YES;
				GCC_OPTIMIZATION_LEVEL = 0;
				GCC_PREPROCESSOR_DEFINITIONS = (
					"DEBUG=1",
					"$(inherited)",
				);
				GCC_SYMBOLS_PRIVATE_EXTERN = NO;
				GCC_WARN_64_TO_32_BIT_CONVERSION = YES;
				GCC_WARN_ABOUT_RETURN_TYPE = YES_ERROR;
				GCC_WARN_UNDECLARED_SELECTOR = YES;
				GCC_WARN_UNINITIALIZED_AUTOS = YES_AGGRESSIVE;
				GCC_WARN_UNUSED_FUNCTION = YES;
				GCC_WARN_UNUSED_VARIABLE = YES;
				IPHONEOS_DEPLOYMENT_TARGET = 8.4;
				MTL_ENABLE_DEBUG_INFO = YES;
				ONLY_ACTIVE_ARCH = YES;
				SDKROOT = iphoneos;
				TARGETED_DEVICE_FAMILY = "1,2";
			};
			name = Debug;
		};
		FAA8775B1BAF0BAD00934C21 /* Release */ = {
			isa = XCBuildConfiguration;
			buildSettings = {
				ALWAYS_SEARCH_USER_PATHS = NO;
				CLANG_CXX_LANGUAGE_STANDARD = "gnu++0x";
				CLANG_CXX_LIBRARY = "libc++";
				CLANG_ENABLE_MODULES = YES;
				CLANG_ENABLE_OBJC_ARC = YES;
				CLANG_WARN_BOOL_CONVERSION = YES;
				CLANG_WARN_CONSTANT_CONVERSION = YES;
				CLANG_WARN_DIRECT_OBJC_ISA_USAGE = YES_ERROR;
				CLANG_WARN_EMPTY_BODY = YES;
				CLANG_WARN_ENUM_CONVERSION = YES;
				CLANG_WARN_INT_CONVERSION = YES;
				CLANG_WARN_OBJC_ROOT_CLASS = YES_ERROR;
				CLANG_WARN_UNREACHABLE_CODE = YES;
				CLANG_WARN__DUPLICATE_METHOD_MATCH = YES;
				"CODE_SIGN_IDENTITY[sdk=iphoneos*]" = "iPhone Developer";
				COPY_PHASE_STRIP = NO;
				DEBUG_INFORMATION_FORMAT = "dwarf-with-dsym";
				ENABLE_NS_ASSERTIONS = NO;
				ENABLE_STRICT_OBJC_MSGSEND = YES;
				GCC_C_LANGUAGE_STANDARD = gnu99;
				GCC_NO_COMMON_BLOCKS = YES;
				GCC_WARN_64_TO_32_BIT_CONVERSION = YES;
				GCC_WARN_ABOUT_RETURN_TYPE = YES_ERROR;
				GCC_WARN_UNDECLARED_SELECTOR = YES;
				GCC_WARN_UNINITIALIZED_AUTOS = YES_AGGRESSIVE;
				GCC_WARN_UNUSED_FUNCTION = YES;
				GCC_WARN_UNUSED_VARIABLE = YES;
				IPHONEOS_DEPLOYMENT_TARGET = 8.4;
				MTL_ENABLE_DEBUG_INFO = NO;
				SDKROOT = iphoneos;
				TARGETED_DEVICE_FAMILY = "1,2";
				VALIDATE_PRODUCT = YES;
			};
			name = Release;
		};
		FAA8775D1BAF0BAD00934C21 /* Debug */ = {
			isa = XCBuildConfiguration;
			buildSettings = {
				ASSETCATALOG_COMPILER_APPICON_NAME = AppIcon;
				INFOPLIST_FILE = ToneMapper/Info.plist;
				LD_RUNPATH_SEARCH_PATHS = "$(inherited) @executable_path/Frameworks";
				PRODUCT_NAME = "$(TARGET_NAME)";
			};
			name = Debug;
		};
		FAA8775E1BAF0BAD00934C21 /* Release */ = {
			isa = XCBuildConfiguration;
			buildSettings = {
				ASSETCATALOG_COMPILER_APPICON_NAME = AppIcon;
				INFOPLIST_FILE = ToneMapper/Info.plist;
				LD_RUNPATH_SEARCH_PATHS = "$(inherited) @executable_path/Frameworks";
				PRODUCT_NAME = "$(TARGET_NAME)";
			};
			name = Release;
		};
		FAA877601BAF0BAD00934C21 /* Debug */ = {
			isa = XCBuildConfiguration;
			buildSettings = {
				BUNDLE_LOADER = "$(TEST_HOST)";
				FRAMEWORK_SEARCH_PATHS = (
					"$(SDKROOT)/Developer/Library/Frameworks",
					"$(inherited)",
				);
				GCC_PREPROCESSOR_DEFINITIONS = (
					"DEBUG=1",
					"$(inherited)",
				);
				INFOPLIST_FILE = ToneMapperTests/Info.plist;
				LD_RUNPATH_SEARCH_PATHS = "$(inherited) @executable_path/Frameworks @loader_path/Frameworks";
				PRODUCT_NAME = "$(TARGET_NAME)";
				TEST_HOST = "$(BUILT_PRODUCTS_DIR)/ToneMapper.app/ToneMapper";
			};
			name = Debug;
		};
		FAA877611BAF0BAD00934C21 /* Release */ = {
			isa = XCBuildConfiguration;
			buildSettings = {
				BUNDLE_LOADER = "$(TEST_HOST)";
				FRAMEWORK_SEARCH_PATHS = (
					"$(SDKROOT)/Developer/Library/Frameworks",
					"$(inherited)",
				);
				INFOPLIST_FILE = ToneMapperTests/Info.plist;
				LD_RUNPATH_SEARCH_PATHS = "$(inherited) @executable_path/Frameworks @loader_path/Frameworks";
				PRODUCT_NAME = "$(TARGET_NAME)";
				TEST_HOST = "$(BUILT_PRODUCTS_DIR)/ToneMapper.app/ToneMapper";
			};
			name = Release;
		};
/* End XCBuildConfiguration section */

/* Begin XCConfigurationList section */
		FAA877341BAF0BAD00934C21 /* Build configuration list for PBXProject "ToneMapper" */ = {
			isa = XCConfigurationList;
			buildConfigurations = (
				FAA8775A1BAF0BAD00934C21 /* Debug */,
				FAA8775B1BAF0BAD00934C21 /* Release */,
			);
			defaultConfigurationIsVisible = 0;
			defaultConfigurationName = Release;
		};
		FAA8775C1BAF0BAD00934C21 /* Build configuration list for PBXNativeTarget "ToneMapper" */ = {
			isa = XCConfigurationList;
			buildConfigurations = (
				FAA8775D1BAF0BAD00934C21 /* Debug */,
				FAA8775E1BAF0BAD00934C21 /* Release */,
			);
			defaultConfigurationIsVisible = 0;
			defaultConfigurationName = Release;
		};
		FAA8775F1BAF0BAD00934C21 /* Build configuration list for PBXNativeTarget "ToneMapperTests" */ = {
			isa = XCConfigurationList;
			buildConfigurations = (
				FAA877601BAF0BAD00934C21 /* Debug */,
				FAA877611BAF0BAD00934C21 /* Release */,
			);
			defaultConfigurationIsVisible = 0;
			defaultConfigurationName = Release;
		};
/* End XCConfigurationList section */
	};
	rootObject = FAA877311BAF0BAD00934C21 /* Project object */;
}
